# THIS IS AN AUTOGENERATED FILE. DO NOT EDIT THIS FILE DIRECTLY.
# yarn lockfile v1


"@tanstack/query-core@4.15.1":
  version "4.15.1"
  resolved "https://registry.yarnpkg.com/@tanstack/query-core/-/query-core-4.15.1.tgz#a282f04fe5e612b50019e1cfaf0efabd220e00ce"
  integrity sha512-+UfqJsNbPIVo0a9ANW0ZxtjiMfGLaaoIaL9vZeVycvmBuWywJGtSi7fgPVMCPdZQFOzMsaXaOsDtSKQD5xLRVQ==

"@tanstack/react-query@^4.16.1":
  version "4.16.1"
  resolved "https://registry.yarnpkg.com/@tanstack/react-query/-/react-query-4.16.1.tgz#077006b8eb2c87fbe8d1597c1a0083a2d218b791"
  integrity sha512-PDE9u49wSDykPazlCoLFevUpceLjQ0Mm8i6038HgtTEKb/aoVnUZdlUP7C392ds3Cd75+EGlHU7qpEX06R7d9Q==
  dependencies:
    "@tanstack/query-core" "4.15.1"
    use-sync-external-store "^1.2.0"

"@trpc/client@^10.1.0":
  version "10.1.0"
  resolved "https://registry.yarnpkg.com/@trpc/client/-/client-10.1.0.tgz#b45423bf32f8315940b91aaaeeb15df624ed43f1"
  integrity sha512-E7L9l2OTa5lIdM0NYvQLJf/GLapskfiVLv0Jv7t6GVxEOFd+O4THWsWQgJVUUAz9iq805iMNkY3uqSvf4GJaWg==

"@trpc/next@^10.1.0":
  version "10.1.0"
  resolved "https://registry.yarnpkg.com/@trpc/next/-/next-10.1.0.tgz#a5136abb8529c5a4b885796c1195081fe3f6dbb1"
  integrity sha512-bJ3zMbrSO+udhMi/8KZ1JY5VpXsucTOat08LdU5MPXzMFEQ+d0QehoM4PoZirO39batZfM0rmbCJ8w6P5hLCow==
  dependencies:
    react-ssr-prepass "^1.5.0"

"@trpc/react-query@^10.1.0":
  version "10.1.0"
  resolved "https://registry.yarnpkg.com/@trpc/react-query/-/react-query-10.1.0.tgz#6abae43d6171fbe4c8c38af4b36055ec9a2a5df7"
  integrity sha512-Xjx3m73CDuBNrpAOF6scUQedYyp4LIxthwmdjw8Y+iR193XNwFTH+C8TZn5qOLVw9u/FM5YchAJjPPgUJyXBBQ==

"@trpc/server@^10.1.0":
  version "10.1.0"
  resolved "https://registry.yarnpkg.com/@trpc/server/-/server-10.1.0.tgz#e37c1f6b768b1de2ee5db51c4e97c462a7a642a0"
  integrity sha512-UiRZPApLruhi1UKukTNsB9igFBEhEA0aMxy86Xp1OvbzuY00yoFcvDUYsBdBjp9mzIHR3yNjqrlfS/RNpPhZEw==

react-ssr-prepass@^1.5.0:
  version "1.5.0"
  resolved "https://registry.yarnpkg.com/react-ssr-prepass/-/react-ssr-prepass-1.5.0.tgz#bc4ca7fcb52365e6aea11cc254a3d1bdcbd030c5"
  integrity sha512-yFNHrlVEReVYKsLI5lF05tZoHveA5pGzjFbFJY/3pOqqjGOmMmqx83N4hIjN2n6E1AOa+eQEUxs3CgRnPmT0RQ==

use-sync-external-store@^1.2.0:
  version "1.2.0"
  resolved "https://registry.yarnpkg.com/use-sync-external-store/-/use-sync-external-store-1.2.0.tgz#7dbefd6ef3fe4e767a0cf5d7287aacfb5846928a"
  integrity sha512-eEgnFxGQ1Ife9bzYs6VLi8/4X6CObHMw9Qr9tPY43iKwsPw8xE8+EFsf/2cFZ5S3esXgpWgtSCtLNS41F+sKPA==

zod@^3.19.1:
  version "3.19.1"
  resolved "https://registry.yarnpkg.com/zod/-/zod-3.19.1.tgz#112f074a97b50bfc4772d4ad1576814bd8ac4473"
  integrity sha512-LYjZsEDhCdYET9ikFu6dVPGp2YH9DegXjdJToSzD9rO6fy4qiRYFoyEYwps88OseJlPyl2NOe2iJuhEhL7IpEA==
