# THIS IS AN AUTOGENERATED FILE. DO NOT EDIT THIS FILE DIRECTLY.
# yarn lockfile v1


"@trpc/server@^10.1.0":
  version "10.1.0"
  resolved "https://registry.yarnpkg.com/@trpc/server/-/server-10.1.0.tgz#e37c1f6b768b1de2ee5db51c4e97c462a7a642a0"
  integrity sha512-UiRZPApLruhi1UKukTNsB9igFBEhEA0aMxy86Xp1OvbzuY00yoFcvDUYsBdBjp9mzIHR3yNjqrlfS/RNpPhZEw==

zod@^3.19.1:
  version "3.19.1"
  resolved "https://registry.yarnpkg.com/zod/-/zod-3.19.1.tgz#112f074a97b50bfc4772d4ad1576814bd8ac4473"
  integrity sha512-LYjZsEDhCdYET9ikFu6dVPGp2YH9DegXjdJToSzD9rO6fy4qiRYFoyEYwps88OseJlPyl2NOe2iJuhEhL7IpEA==
